
Microsoft Visual Studio Solution File, Format Version 12.00
# Visual Studio Version 17
VisualStudioVersion = 17.14.36301.6
MinimumVisualStudioVersion = 10.0.40219.1
Project("{FAE04EC0-301F-11D3-BF4B-00C04F79EFBC}") = "ExchangeApp1", "ExchangeApp\ExchangeApp1.csproj", "{53642562-378D-4102-A566-CEF4B3C966AC}"
EndProject
Project("{2150E333-8FDC-42A3-9474-1A3956D46DE8}") = "Src", "Src", "{02EA681E-C7D8-13C7-8484-4AC65E1B71E8}"
EndProject
Project("{2150E333-8FDC-42A3-9474-1A3956D46DE8}") = "Core", "Core", "{439BF0C4-602E-40AB-841A-C3F2624B3C9C}"
EndProject
Project("{FAE04EC0-301F-11D3-BF4B-00C04F79EFBC}") = "ExchangeApp.Core.Application", "ExchangeApp.Core.Application\ExchangeApp.Core.Application.csproj", "{1A11BECE-B103-435B-AEC9-04F88C9EF1EA}"
EndProject
Project("{2150E333-8FDC-42A3-9474-1A3956D46DE8}") = "Tests", "Tests", "{6EEFC41B-8598-4882-A8EB-17397D9AF365}"
EndProject
Project("{2150E333-8FDC-42A3-9474-1A3956D46DE8}") = "WebApis", "WebApis", "{EB740DC8-9648-4F01-978E-EA18AB7CEF80}"
EndProject
Project("{FAE04EC0-301F-11D3-BF4B-00C04F79EFBC}") = "ExchangeApp2", "ExchangeApp2\ExchangeApp2.csproj", "{D0FAF0A0-8B48-4BA2-A044-00507A63812E}"
EndProject
Project("{FAE04EC0-301F-11D3-BF4B-00C04F79EFBC}") = "ExchangeApp3", "ExchangeApp3\ExchangeApp3.csproj", "{EAD5B57A-41C6-4E14-969E-5F32D5545712}"
EndProject
Project("{FAE04EC0-301F-11D3-BF4B-00C04F79EFBC}") = "ExchangeAppParent", "ExchangeAppParent\ExchangeAppParent.csproj", "{A02EC304-E0FE-43BC-9972-596866D58211}"
EndProject
Project("{2150E333-8FDC-42A3-9474-1A3956D46DE8}") = "Infraestructure", "Infraestructure", "{76986982-32AD-4BCF-9B62-AF95143A9BD7}"
EndProject
Project("{FAE04EC0-301F-11D3-BF4B-00C04F79EFBC}") = "ExchangeApp.Infrastructure.ExternalProviders", "ExchangeApp.Infrastructure.ExternalProviders\ExchangeApp.Infrastructure.ExternalProviders.csproj", "{201DA56A-5799-4351-B1EC-05FEBC309690}"
EndProject
Project("{2150E333-8FDC-42A3-9474-1A3956D46DE8}") = "ConsoleApp", "ConsoleApp", "{8F6C71A0-7C57-43A5-86C1-055BDC6306FE}"
EndProject
Project("{FAE04EC0-301F-11D3-BF4B-00C04F79EFBC}") = "ExchangeApp.ConsoleApp.ExchangeConsole", "ExchangeApp.ConsoleApp.ExchangeConsole\ExchangeApp.ConsoleApp.ExchangeConsole.csproj", "{28EE0835-9541-46D4-AC54-85D7A68E4C58}"
EndProject
Project("{FAE04EC0-301F-11D3-BF4B-00C04F79EFBC}") = "ExchangeApp.UnitTest.ExchangeTest", "ExchangeApp.UnitTest.ExchangeTest\ExchangeApp.UnitTest.ExchangeTest.csproj", "{5879E878-85BD-4978-9B9F-1634EE5CA072}"
EndProject
Global
	GlobalSection(SolutionConfigurationPlatforms) = preSolution
		Debug|Any CPU = Debug|Any CPU
		Release|Any CPU = Release|Any CPU
	EndGlobalSection
	GlobalSection(ProjectConfigurationPlatforms) = postSolution
		{53642562-378D-4102-A566-CEF4B3C966AC}.Debug|Any CPU.ActiveCfg = Debug|Any CPU
		{53642562-378D-4102-A566-CEF4B3C966AC}.Debug|Any CPU.Build.0 = Debug|Any CPU
		{53642562-378D-4102-A566-CEF4B3C966AC}.Release|Any CPU.ActiveCfg = Release|Any CPU
		{53642562-378D-4102-A566-CEF4B3C966AC}.Release|Any CPU.Build.0 = Release|Any CPU
		{1A11BECE-B103-435B-AEC9-04F88C9EF1EA}.Debug|Any CPU.ActiveCfg = Debug|Any CPU
		{1A11BECE-B103-435B-AEC9-04F88C9EF1EA}.Debug|Any CPU.Build.0 = Debug|Any CPU
		{1A11BECE-B103-435B-AEC9-04F88C9EF1EA}.Release|Any CPU.ActiveCfg = Release|Any CPU
		{1A11BECE-B103-435B-AEC9-04F88C9EF1EA}.Release|Any CPU.Build.0 = Release|Any CPU
		{D0FAF0A0-8B48-4BA2-A044-00507A63812E}.Debug|Any CPU.ActiveCfg = Debug|Any CPU
		{D0FAF0A0-8B48-4BA2-A044-00507A63812E}.Debug|Any CPU.Build.0 = Debug|Any CPU
		{D0FAF0A0-8B48-4BA2-A044-00507A63812E}.Release|Any CPU.ActiveCfg = Release|Any CPU
		{D0FAF0A0-8B48-4BA2-A044-00507A63812E}.Release|Any CPU.Build.0 = Release|Any CPU
		{EAD5B57A-41C6-4E14-969E-5F32D5545712}.Debug|Any CPU.ActiveCfg = Debug|Any CPU
		{EAD5B57A-41C6-4E14-969E-5F32D5545712}.Debug|Any CPU.Build.0 = Debug|Any CPU
		{EAD5B57A-41C6-4E14-969E-5F32D5545712}.Release|Any CPU.ActiveCfg = Release|Any CPU
		{EAD5B57A-41C6-4E14-969E-5F32D5545712}.Release|Any CPU.Build.0 = Release|Any CPU
		{A02EC304-E0FE-43BC-9972-596866D58211}.Debug|Any CPU.ActiveCfg = Debug|Any CPU
		{A02EC304-E0FE-43BC-9972-596866D58211}.Debug|Any CPU.Build.0 = Debug|Any CPU
		{A02EC304-E0FE-43BC-9972-596866D58211}.Release|Any CPU.ActiveCfg = Release|Any CPU
		{A02EC304-E0FE-43BC-9972-596866D58211}.Release|Any CPU.Build.0 = Release|Any CPU
		{201DA56A-5799-4351-B1EC-05FEBC309690}.Debug|Any CPU.ActiveCfg = Debug|Any CPU
		{201DA56A-5799-4351-B1EC-05FEBC309690}.Debug|Any CPU.Build.0 = Debug|Any CPU
		{201DA56A-5799-4351-B1EC-05FEBC309690}.Release|Any CPU.ActiveCfg = Release|Any CPU
		{201DA56A-5799-4351-B1EC-05FEBC309690}.Release|Any CPU.Build.0 = Release|Any CPU
		{28EE0835-9541-46D4-AC54-85D7A68E4C58}.Debug|Any CPU.ActiveCfg = Debug|Any CPU
		{28EE0835-9541-46D4-AC54-85D7A68E4C58}.Debug|Any CPU.Build.0 = Debug|Any CPU
		{28EE0835-9541-46D4-AC54-85D7A68E4C58}.Release|Any CPU.ActiveCfg = Release|Any CPU
		{28EE0835-9541-46D4-AC54-85D7A68E4C58}.Release|Any CPU.Build.0 = Release|Any CPU
		{5879E878-85BD-4978-9B9F-1634EE5CA072}.Debug|Any CPU.ActiveCfg = Debug|Any CPU
		{5879E878-85BD-4978-9B9F-1634EE5CA072}.Debug|Any CPU.Build.0 = Debug|Any CPU
		{5879E878-85BD-4978-9B9F-1634EE5CA072}.Release|Any CPU.ActiveCfg = Release|Any CPU
		{5879E878-85BD-4978-9B9F-1634EE5CA072}.Release|Any CPU.Build.0 = Release|Any CPU
	EndGlobalSection
	GlobalSection(SolutionProperties) = preSolution
		HideSolutionNode = FALSE
	EndGlobalSection
	GlobalSection(NestedProjects) = preSolution
		{53642562-378D-4102-A566-CEF4B3C966AC} = {EB740DC8-9648-4F01-978E-EA18AB7CEF80}
		{439BF0C4-602E-40AB-841A-C3F2624B3C9C} = {02EA681E-C7D8-13C7-8484-4AC65E1B71E8}
		{1A11BECE-B103-435B-AEC9-04F88C9EF1EA} = {439BF0C4-602E-40AB-841A-C3F2624B3C9C}
		{6EEFC41B-8598-4882-A8EB-17397D9AF365} = {02EA681E-C7D8-13C7-8484-4AC65E1B71E8}
		{EB740DC8-9648-4F01-978E-EA18AB7CEF80} = {02EA681E-C7D8-13C7-8484-4AC65E1B71E8}
		{D0FAF0A0-8B48-4BA2-A044-00507A63812E} = {EB740DC8-9648-4F01-978E-EA18AB7CEF80}
		{EAD5B57A-41C6-4E14-969E-5F32D5545712} = {EB740DC8-9648-4F01-978E-EA18AB7CEF80}
		{A02EC304-E0FE-43BC-9972-596866D58211} = {EB740DC8-9648-4F01-978E-EA18AB7CEF80}
		{76986982-32AD-4BCF-9B62-AF95143A9BD7} = {02EA681E-C7D8-13C7-8484-4AC65E1B71E8}
		{201DA56A-5799-4351-B1EC-05FEBC309690} = {76986982-32AD-4BCF-9B62-AF95143A9BD7}
		{8F6C71A0-7C57-43A5-86C1-055BDC6306FE} = {02EA681E-C7D8-13C7-8484-4AC65E1B71E8}
		{28EE0835-9541-46D4-AC54-85D7A68E4C58} = {8F6C71A0-7C57-43A5-86C1-055BDC6306FE}
		{5879E878-85BD-4978-9B9F-1634EE5CA072} = {6EEFC41B-8598-4882-A8EB-17397D9AF365}
	EndGlobalSection
	GlobalSection(ExtensibilityGlobals) = postSolution
		SolutionGuid = {AD153FCF-8F77-4769-8FA3-FEF49086937B}
	EndGlobalSection
EndGlobal
